
Microsoft Visual Studio Solution File, Format Version 12.00
# Visual Studio Version 16
VisualStudioVersion = 16.0.30011.22
MinimumVisualStudioVersion = 10.0.40219.1
Project("{FAE04EC0-301F-11D3-BF4B-00C04F79EFBC}") = "JavaToCSharpImporter", "JavaToCSharpImporter\JavaToCSharpImporter.csproj", "{74ED4AF5-38DF-4589-927B-0A391C4D0AD0}"
EndProject
Project("{9A19103F-16F7-4668-BE54-9A1E7A4F7556}") = "JavaCodeLoader_Unittest", "JavaCodeLoader_Unittest\JavaCodeLoader_Unittest.csproj", "{77061A3C-4037-4F05-99E7-009FA70EA016}"
EndProject
Project("{FAE04EC0-301F-11D3-BF4B-00C04F79EFBC}") = "CodeConverterCore", "CodeConverterCore\CodeConverterCore.csproj", "{D70FE1C1-3CBE-42F1-8361-B05FA406A39C}"
EndProject
Project("{FAE04EC0-301F-11D3-BF4B-00C04F79EFBC}") = "CodeConverterJava", "CodeConverterJava\CodeConverterJava.csproj", "{863F8C69-DD75-4A95-A8A0-8DC3863857B2}"
EndProject
Project("{FAE04EC0-301F-11D3-BF4B-00C04F79EFBC}") = "CodeConverterCSharp", "CodeConverterCSharp\CodeConverterCSharp.csproj", "{AF3B0441-044A-4EA3-8052-57982E8BFCB5}"
EndProject
Global
	GlobalSection(SolutionConfigurationPlatforms) = preSolution
		Debug|Any CPU = Debug|Any CPU
		Debug|x64 = Debug|x64
		Debug64|Any CPU = Debug64|Any CPU
		Debug64|x64 = Debug64|x64
		Release|Any CPU = Release|Any CPU
		Release|x64 = Release|x64
	EndGlobalSection
	GlobalSection(ProjectConfigurationPlatforms) = postSolution
		{74ED4AF5-38DF-4589-927B-0A391C4D0AD0}.Debug|Any CPU.ActiveCfg = Debug|Any CPU
		{74ED4AF5-38DF-4589-927B-0A391C4D0AD0}.Debug|Any CPU.Build.0 = Debug|Any CPU
		{74ED4AF5-38DF-4589-927B-0A391C4D0AD0}.Debug|x64.ActiveCfg = Debug|x64
		{74ED4AF5-38DF-4589-927B-0A391C4D0AD0}.Debug|x64.Build.0 = Debug|x64
		{74ED4AF5-38DF-4589-927B-0A391C4D0AD0}.Debug64|Any CPU.ActiveCfg = Debug64|Any CPU
		{74ED4AF5-38DF-4589-927B-0A391C4D0AD0}.Debug64|Any CPU.Build.0 = Debug64|Any CPU
		{74ED4AF5-38DF-4589-927B-0A391C4D0AD0}.Debug64|x64.ActiveCfg = Debug64|x64
		{74ED4AF5-38DF-4589-927B-0A391C4D0AD0}.Debug64|x64.Build.0 = Debug64|x64
		{74ED4AF5-38DF-4589-927B-0A391C4D0AD0}.Release|Any CPU.ActiveCfg = Release|Any CPU
		{74ED4AF5-38DF-4589-927B-0A391C4D0AD0}.Release|Any CPU.Build.0 = Release|Any CPU
		{74ED4AF5-38DF-4589-927B-0A391C4D0AD0}.Release|x64.ActiveCfg = Release|x64
		{74ED4AF5-38DF-4589-927B-0A391C4D0AD0}.Release|x64.Build.0 = Release|x64
		{77061A3C-4037-4F05-99E7-009FA70EA016}.Debug|Any CPU.ActiveCfg = Debug|Any CPU
		{77061A3C-4037-4F05-99E7-009FA70EA016}.Debug|Any CPU.Build.0 = Debug|Any CPU
		{77061A3C-4037-4F05-99E7-009FA70EA016}.Debug|x64.ActiveCfg = Debug|Any CPU
		{77061A3C-4037-4F05-99E7-009FA70EA016}.Debug|x64.Build.0 = Debug|Any CPU
		{77061A3C-4037-4F05-99E7-009FA70EA016}.Debug64|Any CPU.ActiveCfg = Debug|Any CPU
		{77061A3C-4037-4F05-99E7-009FA70EA016}.Debug64|Any CPU.Build.0 = Debug|Any CPU
		{77061A3C-4037-4F05-99E7-009FA70EA016}.Debug64|x64.ActiveCfg = Debug|Any CPU
		{77061A3C-4037-4F05-99E7-009FA70EA016}.Debug64|x64.Build.0 = Debug|Any CPU
		{77061A3C-4037-4F05-99E7-009FA70EA016}.Release|Any CPU.ActiveCfg = Release|Any CPU
		{77061A3C-4037-4F05-99E7-009FA70EA016}.Release|Any CPU.Build.0 = Release|Any CPU
		{77061A3C-4037-4F05-99E7-009FA70EA016}.Release|x64.ActiveCfg = Release|Any CPU
		{77061A3C-4037-4F05-99E7-009FA70EA016}.Release|x64.Build.0 = Release|Any CPU
		{D70FE1C1-3CBE-42F1-8361-B05FA406A39C}.Debug|Any CPU.ActiveCfg = Debug|Any CPU
		{D70FE1C1-3CBE-42F1-8361-B05FA406A39C}.Debug|Any CPU.Build.0 = Debug|Any CPU
		{D70FE1C1-3CBE-42F1-8361-B05FA406A39C}.Debug|x64.ActiveCfg = Debug|Any CPU
		{D70FE1C1-3CBE-42F1-8361-B05FA406A39C}.Debug|x64.Build.0 = Debug|Any CPU
		{D70FE1C1-3CBE-42F1-8361-B05FA406A39C}.Debug64|Any CPU.ActiveCfg = Debug|Any CPU
		{D70FE1C1-3CBE-42F1-8361-B05FA406A39C}.Debug64|Any CPU.Build.0 = Debug|Any CPU
		{D70FE1C1-3CBE-42F1-8361-B05FA406A39C}.Debug64|x64.ActiveCfg = Debug|Any CPU
		{D70FE1C1-3CBE-42F1-8361-B05FA406A39C}.Debug64|x64.Build.0 = Debug|Any CPU
		{D70FE1C1-3CBE-42F1-8361-B05FA406A39C}.Release|Any CPU.ActiveCfg = Release|Any CPU
		{D70FE1C1-3CBE-42F1-8361-B05FA406A39C}.Release|Any CPU.Build.0 = Release|Any CPU
		{D70FE1C1-3CBE-42F1-8361-B05FA406A39C}.Release|x64.ActiveCfg = Release|Any CPU
		{D70FE1C1-3CBE-42F1-8361-B05FA406A39C}.Release|x64.Build.0 = Release|Any CPU
		{863F8C69-DD75-4A95-A8A0-8DC3863857B2}.Debug|Any CPU.ActiveCfg = Debug|Any CPU
		{863F8C69-DD75-4A95-A8A0-8DC3863857B2}.Debug|Any CPU.Build.0 = Debug|Any CPU
		{863F8C69-DD75-4A95-A8A0-8DC3863857B2}.Debug|x64.ActiveCfg = Debug|Any CPU
		{863F8C69-DD75-4A95-A8A0-8DC3863857B2}.Debug|x64.Build.0 = Debug|Any CPU
		{863F8C69-DD75-4A95-A8A0-8DC3863857B2}.Debug64|Any CPU.ActiveCfg = Debug|Any CPU
		{863F8C69-DD75-4A95-A8A0-8DC3863857B2}.Debug64|Any CPU.Build.0 = Debug|Any CPU
		{863F8C69-DD75-4A95-A8A0-8DC3863857B2}.Debug64|x64.ActiveCfg = Debug|Any CPU
		{863F8C69-DD75-4A95-A8A0-8DC3863857B2}.Debug64|x64.Build.0 = Debug|Any CPU
		{863F8C69-DD75-4A95-A8A0-8DC3863857B2}.Release|Any CPU.ActiveCfg = Release|Any CPU
		{863F8C69-DD75-4A95-A8A0-8DC3863857B2}.Release|Any CPU.Build.0 = Release|Any CPU
		{863F8C69-DD75-4A95-A8A0-8DC3863857B2}.Release|x64.ActiveCfg = Release|Any CPU
		{863F8C69-DD75-4A95-A8A0-8DC3863857B2}.Release|x64.Build.0 = Release|Any CPU
		{AF3B0441-044A-4EA3-8052-57982E8BFCB5}.Debug|Any CPU.ActiveCfg = Debug|Any CPU
		{AF3B0441-044A-4EA3-8052-57982E8BFCB5}.Debug|Any CPU.Build.0 = Debug|Any CPU
		{AF3B0441-044A-4EA3-8052-57982E8BFCB5}.Debug|x64.ActiveCfg = Debug|Any CPU
		{AF3B0441-044A-4EA3-8052-57982E8BFCB5}.Debug|x64.Build.0 = Debug|Any CPU
		{AF3B0441-044A-4EA3-8052-57982E8BFCB5}.Debug64|Any CPU.ActiveCfg = Debug|Any CPU
		{AF3B0441-044A-4EA3-8052-57982E8BFCB5}.Debug64|Any CPU.Build.0 = Debug|Any CPU
		{AF3B0441-044A-4EA3-8052-57982E8BFCB5}.Debug64|x64.ActiveCfg = Debug|Any CPU
		{AF3B0441-044A-4EA3-8052-57982E8BFCB5}.Debug64|x64.Build.0 = Debug|Any CPU
		{AF3B0441-044A-4EA3-8052-57982E8BFCB5}.Release|Any CPU.ActiveCfg = Release|Any CPU
		{AF3B0441-044A-4EA3-8052-57982E8BFCB5}.Release|Any CPU.Build.0 = Release|Any CPU
		{AF3B0441-044A-4EA3-8052-57982E8BFCB5}.Release|x64.ActiveCfg = Release|Any CPU
		{AF3B0441-044A-4EA3-8052-57982E8BFCB5}.Release|x64.Build.0 = Release|Any CPU
	EndGlobalSection
	GlobalSection(SolutionProperties) = preSolution
		HideSolutionNode = FALSE
	EndGlobalSection
	GlobalSection(ExtensibilityGlobals) = postSolution
		SolutionGuid = {3535A1B6-00D7-40A9-A145-5F8EAF85103A}
	EndGlobalSection
EndGlobal
